// !$*UTF8*$!
{
	archiveVersion = 1;
	classes = {
	};
	objectVersion = 55;
	objects = {

/* Begin PBXBuildFile section */
		B355A6EC28A6EC7600A73A83 /* NetworkManager.swift in Sources */ = {isa = PBXBuildFile; fileRef = B355A6EB28A6EC7600A73A83 /* NetworkManager.swift */; };
		B355A6EE28A6F1A800A73A83 /* CryptoMessage.swift in Sources */ = {isa = PBXBuildFile; fileRef = B355A6ED28A6F1A800A73A83 /* CryptoMessage.swift */; };
		B355A6F028A6F51B00A73A83 /* CryptoViewController.swift in Sources */ = {isa = PBXBuildFile; fileRef = B355A6EF28A6F51B00A73A83 /* CryptoViewController.swift */; };
		B355A6F228A6F54500A73A83 /* MainViewController.swift in Sources */ = {isa = PBXBuildFile; fileRef = B355A6F128A6F54500A73A83 /* MainViewController.swift */; };
		B39D173A28A5617F00FB81A5 /* AppDelegate.swift in Sources */ = {isa = PBXBuildFile; fileRef = B39D173928A5617F00FB81A5 /* AppDelegate.swift */; };
		B39D173C28A5617F00FB81A5 /* SceneDelegate.swift in Sources */ = {isa = PBXBuildFile; fileRef = B39D173B28A5617F00FB81A5 /* SceneDelegate.swift */; };
		B39D173E28A5617F00FB81A5 /* WelcomeViewController.swift in Sources */ = {isa = PBXBuildFile; fileRef = B39D173D28A5617F00FB81A5 /* WelcomeViewController.swift */; };
		B39D174128A5617F00FB81A5 /* Main.storyboard in Resources */ = {isa = PBXBuildFile; fileRef = B39D173F28A5617F00FB81A5 /* Main.storyboard */; };
		B39D174328A5618100FB81A5 /* Assets.xcassets in Resources */ = {isa = PBXBuildFile; fileRef = B39D174228A5618100FB81A5 /* Assets.xcassets */; };
		B39D174628A5618100FB81A5 /* LaunchScreen.storyboard in Resources */ = {isa = PBXBuildFile; fileRef = B39D174428A5618100FB81A5 /* LaunchScreen.storyboard */; };
		B39D175228A5678400FB81A5 /* WelcomeScreenSlide.swift in Sources */ = {isa = PBXBuildFile; fileRef = B39D175128A5678400FB81A5 /* WelcomeScreenSlide.swift */; };
		B39D175428A569A700FB81A5 /* WelcomeCollectionViewCell.swift in Sources */ = {isa = PBXBuildFile; fileRef = B39D175328A569A700FB81A5 /* WelcomeCollectionViewCell.swift */; };
/* End PBXBuildFile section */

/* Begin PBXFileReference section */
		B355A6EB28A6EC7600A73A83 /* NetworkManager.swift */ = {isa = PBXFileReference; lastKnownFileType = sourcecode.swift; path = NetworkManager.swift; sourceTree = "<group>"; };
		B355A6ED28A6F1A800A73A83 /* CryptoMessage.swift */ = {isa = PBXFileReference; lastKnownFileType = sourcecode.swift; path = CryptoMessage.swift; sourceTree = "<group>"; };
		B355A6EF28A6F51B00A73A83 /* CryptoViewController.swift */ = {isa = PBXFileReference; lastKnownFileType = sourcecode.swift; path = CryptoViewController.swift; sourceTree = "<group>"; };
		B355A6F128A6F54500A73A83 /* MainViewController.swift */ = {isa = PBXFileReference; lastKnownFileType = sourcecode.swift; path = MainViewController.swift; sourceTree = "<group>"; };
		B39D173628A5617F00FB81A5 /* Violet M-125.app */ = {isa = PBXFileReference; explicitFileType = wrapper.application; includeInIndex = 0; path = "Violet M-125.app"; sourceTree = BUILT_PRODUCTS_DIR; };
		B39D173928A5617F00FB81A5 /* AppDelegate.swift */ = {isa = PBXFileReference; lastKnownFileType = sourcecode.swift; path = AppDelegate.swift; sourceTree = "<group>"; };
		B39D173B28A5617F00FB81A5 /* SceneDelegate.swift */ = {isa = PBXFileReference; lastKnownFileType = sourcecode.swift; path = SceneDelegate.swift; sourceTree = "<group>"; };
		B39D173D28A5617F00FB81A5 /* WelcomeViewController.swift */ = {isa = PBXFileReference; lastKnownFileType = sourcecode.swift; path = WelcomeViewController.swift; sourceTree = "<group>"; };
		B39D174028A5617F00FB81A5 /* Base */ = {isa = PBXFileReference; lastKnownFileType = file.storyboard; name = Base; path = Base.lproj/Main.storyboard; sourceTree = "<group>"; };
		B39D174228A5618100FB81A5 /* Assets.xcassets */ = {isa = PBXFileReference; lastKnownFileType = folder.assetcatalog; path = Assets.xcassets; sourceTree = "<group>"; };
		B39D174528A5618100FB81A5 /* Base */ = {isa = PBXFileReference; lastKnownFileType = file.storyboard; name = Base; path = Base.lproj/LaunchScreen.storyboard; sourceTree = "<group>"; };
		B39D174728A5618100FB81A5 /* Info.plist */ = {isa = PBXFileReference; lastKnownFileType = text.plist.xml; path = Info.plist; sourceTree = "<group>"; };
		B39D175128A5678400FB81A5 /* WelcomeScreenSlide.swift */ = {isa = PBXFileReference; lastKnownFileType = sourcecode.swift; path = WelcomeScreenSlide.swift; sourceTree = "<group>"; };
		B39D175328A569A700FB81A5 /* WelcomeCollectionViewCell.swift */ = {isa = PBXFileReference; lastKnownFileType = sourcecode.swift; path = WelcomeCollectionViewCell.swift; sourceTree = "<group>"; };
/* End PBXFileReference section */

/* Begin PBXFrameworksBuildPhase section */
		B39D173328A5617F00FB81A5 /* Frameworks */ = {
			isa = PBXFrameworksBuildPhase;
			buildActionMask = 2147483647;
			files = (
			);
			runOnlyForDeploymentPostprocessing = 0;
		};
/* End PBXFrameworksBuildPhase section */

/* Begin PBXGroup section */
		B355A6EA28A6EC2700A73A83 /* Services */ = {
			isa = PBXGroup;
			children = (
				B355A6EB28A6EC7600A73A83 /* NetworkManager.swift */,
			);
			path = Services;
			sourceTree = "<group>";
		};
		B39D172D28A5617F00FB81A5 = {
			isa = PBXGroup;
			children = (
				B39D173828A5617F00FB81A5 /* Violet M-125 */,
				B39D174228A5618100FB81A5 /* Assets.xcassets */,
				B39D173728A5617F00FB81A5 /* Products */,
			);
			sourceTree = "<group>";
		};
		B39D173728A5617F00FB81A5 /* Products */ = {
			isa = PBXGroup;
			children = (
				B39D173628A5617F00FB81A5 /* Violet M-125.app */,
			);
			name = Products;
			sourceTree = "<group>";
		};
		B39D173828A5617F00FB81A5 /* Violet M-125 */ = {
			isa = PBXGroup;
			children = (
				B355A6EA28A6EC2700A73A83 /* Services */,
				B39D175028A5676C00FB81A5 /* Models */,
				B39D174F28A5627C00FB81A5 /* ViewControllers */,
				B39D174E28A5627200FB81A5 /* Storyboards */,
				B39D174D28A5619100FB81A5 /* App */,
			);
			path = "Violet M-125";
			sourceTree = "<group>";
		};
		B39D174D28A5619100FB81A5 /* App */ = {
			isa = PBXGroup;
			children = (
				B39D173928A5617F00FB81A5 /* AppDelegate.swift */,
				B39D173B28A5617F00FB81A5 /* SceneDelegate.swift */,
				B39D174728A5618100FB81A5 /* Info.plist */,
			);
			path = App;
			sourceTree = "<group>";
		};
		B39D174E28A5627200FB81A5 /* Storyboards */ = {
			isa = PBXGroup;
			children = (
				B39D173F28A5617F00FB81A5 /* Main.storyboard */,
				B39D174428A5618100FB81A5 /* LaunchScreen.storyboard */,
			);
			path = Storyboards;
			sourceTree = "<group>";
		};
		B39D174F28A5627C00FB81A5 /* ViewControllers */ = {
			isa = PBXGroup;
			children = (
				B39D173D28A5617F00FB81A5 /* WelcomeViewController.swift */,
				B355A6F128A6F54500A73A83 /* MainViewController.swift */,
				B355A6EF28A6F51B00A73A83 /* CryptoViewController.swift */,
				B39D175328A569A700FB81A5 /* WelcomeCollectionViewCell.swift */,
			);
			path = ViewControllers;
			sourceTree = "<group>";
		};
		B39D175028A5676C00FB81A5 /* Models */ = {
			isa = PBXGroup;
			children = (
				B39D175128A5678400FB81A5 /* WelcomeScreenSlide.swift */,
				B355A6ED28A6F1A800A73A83 /* CryptoMessage.swift */,
			);
			path = Models;
			sourceTree = "<group>";
		};
/* End PBXGroup section */

/* Begin PBXNativeTarget section */
		B39D173528A5617F00FB81A5 /* Violet M-125 */ = {
			isa = PBXNativeTarget;
			buildConfigurationList = B39D174A28A5618100FB81A5 /* Build configuration list for PBXNativeTarget "Violet M-125" */;
			buildPhases = (
				B39D173228A5617F00FB81A5 /* Sources */,
				B39D173328A5617F00FB81A5 /* Frameworks */,
				B39D173428A5617F00FB81A5 /* Resources */,
			);
			buildRules = (
			);
			dependencies = (
			);
			name = "Violet M-125";
			packageProductDependencies = (
			);
			productName = "Violet M-125";
			productReference = B39D173628A5617F00FB81A5 /* Violet M-125.app */;
			productType = "com.apple.product-type.application";
		};
/* End PBXNativeTarget section */

/* Begin PBXProject section */
		B39D172E28A5617F00FB81A5 /* Project object */ = {
			isa = PBXProject;
			attributes = {
				BuildIndependentTargetsInParallel = 1;
				LastSwiftUpdateCheck = 1340;
				LastUpgradeCheck = 1340;
				TargetAttributes = {
					B39D173528A5617F00FB81A5 = {
						CreatedOnToolsVersion = 13.4.1;
					};
				};
			};
			buildConfigurationList = B39D173128A5617F00FB81A5 /* Build configuration list for PBXProject "Violet M-125" */;
			compatibilityVersion = "Xcode 13.0";
			developmentRegion = en;
			hasScannedForEncodings = 0;
			knownRegions = (
				en,
				Base,
			);
			mainGroup = B39D172D28A5617F00FB81A5;
			packageReferences = (
			);
			productRefGroup = B39D173728A5617F00FB81A5 /* Products */;
			projectDirPath = "";
			projectRoot = "";
			targets = (
				B39D173528A5617F00FB81A5 /* Violet M-125 */,
			);
		};
/* End PBXProject section */

/* Begin PBXResourcesBuildPhase section */
		B39D173428A5617F00FB81A5 /* Resources */ = {
			isa = PBXResourcesBuildPhase;
			buildActionMask = 2147483647;
			files = (
				B39D174628A5618100FB81A5 /* LaunchScreen.storyboard in Resources */,
				B39D174328A5618100FB81A5 /* Assets.xcassets in Resources */,
				B39D174128A5617F00FB81A5 /* Main.storyboard in Resources */,
			);
			runOnlyForDeploymentPostprocessing = 0;
		};
/* End PBXResourcesBuildPhase section */

/* Begin PBXSourcesBuildPhase section */
		B39D173228A5617F00FB81A5 /* Sources */ = {
			isa = PBXSourcesBuildPhase;
			buildActionMask = 2147483647;
			files = (
				B355A6EC28A6EC7600A73A83 /* NetworkManager.swift in Sources */,
				B39D175228A5678400FB81A5 /* WelcomeScreenSlide.swift in Sources */,
				B39D173E28A5617F00FB81A5 /* WelcomeViewController.swift in Sources */,
				B39D173A28A5617F00FB81A5 /* AppDelegate.swift in Sources */,
				B355A6EE28A6F1A800A73A83 /* CryptoMessage.swift in Sources */,
				B355A6F028A6F51B00A73A83 /* CryptoViewController.swift in Sources */,
				B355A6F228A6F54500A73A83 /* MainViewController.swift in Sources */,
				B39D175428A569A700FB81A5 /* WelcomeCollectionViewCell.swift in Sources */,
				B39D173C28A5617F00FB81A5 /* SceneDelegate.swift in Sources */,
			);
			runOnlyForDeploymentPostprocessing = 0;
		};
/* End PBXSourcesBuildPhase section */

/* Begin PBXVariantGroup section */
		B39D173F28A5617F00FB81A5 /* Main.storyboard */ = {
			isa = PBXVariantGroup;
			children = (
				B39D174028A5617F00FB81A5 /* Base */,
			);
			name = Main.storyboard;
			sourceTree = "<group>";
		};
		B39D174428A5618100FB81A5 /* LaunchScreen.storyboard */ = {
			isa = PBXVariantGroup;
			children = (
				B39D174528A5618100FB81A5 /* Base */,
			);
			name = LaunchScreen.storyboard;
			sourceTree = "<group>";
		};
/* End PBXVariantGroup section */

/* Begin XCBuildConfiguration section */
		B39D174828A5618100FB81A5 /* Debug */ = {
			isa = XCBuildConfiguration;
			buildSettings = {
				ALWAYS_SEARCH_USER_PATHS = NO;
				CLANG_ANALYZER_NONNULL = YES;
				CLANG_ANALYZER_NUMBER_OBJECT_CONVERSION = YES_AGGRESSIVE;
				CLANG_CXX_LANGUAGE_STANDARD = "gnu++17";
				CLANG_ENABLE_MODULES = YES;
				CLANG_ENABLE_OBJC_ARC = YES;
				CLANG_ENABLE_OBJC_WEAK = YES;
				CLANG_WARN_BLOCK_CAPTURE_AUTORELEASING = YES;
				CLANG_WARN_BOOL_CONVERSION = YES;
				CLANG_WARN_COMMA = YES;
				CLANG_WARN_CONSTANT_CONVERSION = YES;
				CLANG_WARN_DEPRECATED_OBJC_IMPLEMENTATIONS = YES;
				CLANG_WARN_DIRECT_OBJC_ISA_USAGE = YES_ERROR;
				CLANG_WARN_DOCUMENTATION_COMMENTS = YES;
				CLANG_WARN_EMPTY_BODY = YES;
				CLANG_WARN_ENUM_CONVERSION = YES;
				CLANG_WARN_INFINITE_RECURSION = YES;
				CLANG_WARN_INT_CONVERSION = YES;
				CLANG_WARN_NON_LITERAL_NULL_CONVERSION = YES;
				CLANG_WARN_OBJC_IMPLICIT_RETAIN_SELF = YES;
				CLANG_WARN_OBJC_LITERAL_CONVERSION = YES;
				CLANG_WARN_OBJC_ROOT_CLASS = YES_ERROR;
				CLANG_WARN_QUOTED_INCLUDE_IN_FRAMEWORK_HEADER = YES;
				CLANG_WARN_RANGE_LOOP_ANALYSIS = YES;
				CLANG_WARN_STRICT_PROTOTYPES = YES;
				CLANG_WARN_SUSPICIOUS_MOVE = YES;
				CLANG_WARN_UNGUARDED_AVAILABILITY = YES_AGGRESSIVE;
				CLANG_WARN_UNREACHABLE_CODE = YES;
				CLANG_WARN__DUPLICATE_METHOD_MATCH = YES;
				COPY_PHASE_STRIP = NO;
				DEBUG_INFORMATION_FORMAT = dwarf;
				ENABLE_STRICT_OBJC_MSGSEND = YES;
				ENABLE_TESTABILITY = YES;
				GCC_C_LANGUAGE_STANDARD = gnu11;
				GCC_DYNAMIC_NO_PIC = NO;
				GCC_NO_COMMON_BLOCKS = YES;
				GCC_OPTIMIZATION_LEVEL = 0;
				GCC_PREPROCESSOR_DEFINITIONS = (
					"DEBUG=1",
					"$(inherited)",
				);
				GCC_WARN_64_TO_32_BIT_CONVERSION = YES;
				GCC_WARN_ABOUT_RETURN_TYPE = YES_ERROR;
				GCC_WARN_UNDECLARED_SELECTOR = YES;
				GCC_WARN_UNINITIALIZED_AUTOS = YES_AGGRESSIVE;
				GCC_WARN_UNUSED_FUNCTION = YES;
				GCC_WARN_UNUSED_VARIABLE = YES;
				IPHONEOS_DEPLOYMENT_TARGET = 15.5;
				MTL_ENABLE_DEBUG_INFO = INCLUDE_SOURCE;
				MTL_FAST_MATH = YES;
				ONLY_ACTIVE_ARCH = YES;
				SDKROOT = iphoneos;
				SWIFT_ACTIVE_COMPILATION_CONDITIONS = DEBUG;
				SWIFT_OPTIMIZATION_LEVEL = "-Onone";
			};
			name = Debug;
		};
		B39D174928A5618100FB81A5 /* Release */ = {
			isa = XCBuildConfiguration;
			buildSettings = {
				ALWAYS_SEARCH_USER_PATHS = NO;
				CLANG_ANALYZER_NONNULL = YES;
				CLANG_ANALYZER_NUMBER_OBJECT_CONVERSION = YES_AGGRESSIVE;
				CLANG_CXX_LANGUAGE_STANDARD = "gnu++17";
				CLANG_ENABLE_MODULES = YES;
				CLANG_ENABLE_OBJC_ARC = YES;
				CLANG_ENABLE_OBJC_WEAK = YES;
				CLANG_WARN_BLOCK_CAPTURE_AUTORELEASING = YES;
				CLANG_WARN_BOOL_CONVERSION = YES;
				CLANG_WARN_COMMA = YES;
				CLANG_WARN_CONSTANT_CONVERSION = YES;
				CLANG_WARN_DEPRECATED_OBJC_IMPLEMENTATIONS = YES;
				CLANG_WARN_DIRECT_OBJC_ISA_USAGE = YES_ERROR;
				CLANG_WARN_DOCUMENTATION_COMMENTS = YES;
				CLANG_WARN_EMPTY_BODY = YES;
				CLANG_WARN_ENUM_CONVERSION = YES;
				CLANG_WARN_INFINITE_RECURSION = YES;
				CLANG_WARN_INT_CONVERSION = YES;
				CLANG_WARN_NON_LITERAL_NULL_CONVERSION = YES;
				CLANG_WARN_OBJC_IMPLICIT_RETAIN_SELF = YES;
				CLANG_WARN_OBJC_LITERAL_CONVERSION = YES;
				CLANG_WARN_OBJC_ROOT_CLASS = YES_ERROR;
				CLANG_WARN_QUOTED_INCLUDE_IN_FRAMEWORK_HEADER = YES;
				CLANG_WARN_RANGE_LOOP_ANALYSIS = YES;
				CLANG_WARN_STRICT_PROTOTYPES = YES;
				CLANG_WARN_SUSPICIOUS_MOVE = YES;
				CLANG_WARN_UNGUARDED_AVAILABILITY = YES_AGGRESSIVE;
				CLANG_WARN_UNREACHABLE_CODE = YES;
				CLANG_WARN__DUPLICATE_METHOD_MATCH = YES;
				COPY_PHASE_STRIP = NO;
				DEBUG_INFORMATION_FORMAT = "dwarf-with-dsym";
				ENABLE_NS_ASSERTIONS = NO;
				ENABLE_STRICT_OBJC_MSGSEND = YES;
				GCC_C_LANGUAGE_STANDARD = gnu11;
				GCC_NO_COMMON_BLOCKS = YES;
				GCC_WARN_64_TO_32_BIT_CONVERSION = YES;
				GCC_WARN_ABOUT_RETURN_TYPE = YES_ERROR;
				GCC_WARN_UNDECLARED_SELECTOR = YES;
				GCC_WARN_UNINITIALIZED_AUTOS = YES_AGGRESSIVE;
				GCC_WARN_UNUSED_FUNCTION = YES;
				GCC_WARN_UNUSED_VARIABLE = YES;
				IPHONEOS_DEPLOYMENT_TARGET = 15.5;
				MTL_ENABLE_DEBUG_INFO = NO;
				MTL_FAST_MATH = YES;
				SDKROOT = iphoneos;
				SWIFT_COMPILATION_MODE = wholemodule;
				SWIFT_OPTIMIZATION_LEVEL = "-O";
				VALIDATE_PRODUCT = YES;
			};
			name = Release;
		};
		B39D174B28A5618100FB81A5 /* Debug */ = {
			isa = XCBuildConfiguration;
			buildSettings = {
				ASSETCATALOG_COMPILER_APPICON_NAME = AppIcon;
				ASSETCATALOG_COMPILER_GLOBAL_ACCENT_COLOR_NAME = AccentColor;
				CODE_SIGN_STYLE = Automatic;
				CURRENT_PROJECT_VERSION = 1;
				DEVELOPMENT_TEAM = DUXW7U8H93;
				GENERATE_INFOPLIST_FILE = YES;
				INFOPLIST_FILE = "Violet M-125/App/Info.plist";
				INFOPLIST_KEY_UIApplicationSupportsIndirectInputEvents = YES;
				INFOPLIST_KEY_UILaunchStoryboardName = LaunchScreen;
				INFOPLIST_KEY_UIMainStoryboardFile = Main;
				INFOPLIST_KEY_UISupportedInterfaceOrientations_iPad = "UIInterfaceOrientationPortrait UIInterfaceOrientationPortraitUpsideDown UIInterfaceOrientationLandscapeLeft UIInterfaceOrientationLandscapeRight";
				INFOPLIST_KEY_UISupportedInterfaceOrientations_iPhone = "UIInterfaceOrientationPortrait UIInterfaceOrientationLandscapeLeft UIInterfaceOrientationLandscapeRight";
				LD_RUNPATH_SEARCH_PATHS = (
					"$(inherited)",
					"@executable_path/Frameworks",
				);
				MARKETING_VERSION = 1.0;
				PRODUCT_BUNDLE_IDENTIFIER = "ru.idrozhzh.Violet-M-125";
				PRODUCT_NAME = "$(TARGET_NAME)";
				SWIFT_EMIT_LOC_STRINGS = YES;
				SWIFT_VERSION = 5.0;
				TARGETED_DEVICE_FAMILY = 1;
			};
			name = Debug;
		};
		B39D174C28A5618100FB81A5 /* Release */ = {
			isa = XCBuildConfiguration;
			buildSettings = {
				ASSETCATALOG_COMPILER_APPICON_NAME = AppIcon;
				ASSETCATALOG_COMPILER_GLOBAL_ACCENT_COLOR_NAME = AccentColor;
				CODE_SIGN_STYLE = Automatic;
				CURRENT_PROJECT_VERSION = 1;
				DEVELOPMENT_TEAM = DUXW7U8H93;
				GENERATE_INFOPLIST_FILE = YES;
				INFOPLIST_FILE = "Violet M-125/App/Info.plist";
				INFOPLIST_KEY_UIApplicationSupportsIndirectInputEvents = YES;
				INFOPLIST_KEY_UILaunchStoryboardName = LaunchScreen;
				INFOPLIST_KEY_UIMainStoryboardFile = Main;
				INFOPLIST_KEY_UISupportedInterfaceOrientations_iPad = "UIInterfaceOrientationPortrait UIInterfaceOrientationPortraitUpsideDown UIInterfaceOrientationLandscapeLeft UIInterfaceOrientationLandscapeRight";
				INFOPLIST_KEY_UISupportedInterfaceOrientations_iPhone = "UIInterfaceOrientationPortrait UIInterfaceOrientationLandscapeLeft UIInterfaceOrientationLandscapeRight";
				LD_RUNPATH_SEARCH_PATHS = (
					"$(inherited)",
					"@executable_path/Frameworks",
				);
				MARKETING_VERSION = 1.0;
				PRODUCT_BUNDLE_IDENTIFIER = "ru.idrozhzh.Violet-M-125";
				PRODUCT_NAME = "$(TARGET_NAME)";
				SWIFT_EMIT_LOC_STRINGS = YES;
				SWIFT_VERSION = 5.0;
				TARGETED_DEVICE_FAMILY = 1;
			};
			name = Release;
		};
/* End XCBuildConfiguration section */

/* Begin XCConfigurationList section */
		B39D173128A5617F00FB81A5 /* Build configuration list for PBXProject "Violet M-125" */ = {
			isa = XCConfigurationList;
			buildConfigurations = (
				B39D174828A5618100FB81A5 /* Debug */,
				B39D174928A5618100FB81A5 /* Release */,
			);
			defaultConfigurationIsVisible = 0;
			defaultConfigurationName = Release;
		};
		B39D174A28A5618100FB81A5 /* Build configuration list for PBXNativeTarget "Violet M-125" */ = {
			isa = XCConfigurationList;
			buildConfigurations = (
				B39D174B28A5618100FB81A5 /* Debug */,
				B39D174C28A5618100FB81A5 /* Release */,
			);
			defaultConfigurationIsVisible = 0;
			defaultConfigurationName = Release;
		};
/* End XCConfigurationList section */
	};
	rootObject = B39D172E28A5617F00FB81A5 /* Project object */;
}
